
Microsoft Visual Studio Solution File, Format Version 12.00
# Visual Studio Version 16
Project("{2150E333-8FDC-42A3-9474-1A3956D46DE8}") = "CMakePredefinedTargets", "CMakePredefinedTargets", "{79D1C0B7-E068-3BD1-94C7-BD4E77D9E25D}"
EndProject
Project("{2150E333-8FDC-42A3-9474-1A3956D46DE8}") = "GLFW3", "GLFW3", "{7958F087-E868-301B-8AA7-3C93CAD40BE9}"
EndProject
Project("{8BC9CEB8-8B4A-11D0-8D11-00A0C91BC942}") = "ALL_BUILD", "ALL_BUILD.vcxproj", "{69872CCE-0D9F-3203-8A31-5F2B181A04EE}"
	ProjectSection(ProjectDependencies) = postProject
		{D17E8B92-8B77-3917-B7A5-8D0993BCB27D} = {D17E8B92-8B77-3917-B7A5-8D0993BCB27D}
		{8B0C12E0-59CE-317E-B7AE-12E568B780AB} = {8B0C12E0-59CE-317E-B7AE-12E568B780AB}
		{02808AEE-7C73-381E-AAFE-D9AC7CFE19F8} = {02808AEE-7C73-381E-AAFE-D9AC7CFE19F8}
		{78786F36-FDCD-3614-8228-B986FEE04682} = {78786F36-FDCD-3614-8228-B986FEE04682}
	EndProjectSection
EndProject
Project("{8BC9CEB8-8B4A-11D0-8D11-00A0C91BC942}") = "INSTALL", "INSTALL.vcxproj", "{8DF3EF33-21A6-3BDB-98D3-06693DD57E13}"
	ProjectSection(ProjectDependencies) = postProject
		{69872CCE-0D9F-3203-8A31-5F2B181A04EE} = {69872CCE-0D9F-3203-8A31-5F2B181A04EE}
		{8B0C12E0-59CE-317E-B7AE-12E568B780AB} = {8B0C12E0-59CE-317E-B7AE-12E568B780AB}
	EndProjectSection
EndProject
Project("{8BC9CEB8-8B4A-11D0-8D11-00A0C91BC942}") = "PACKAGE", "PACKAGE.vcxproj", "{E5723072-54DB-33B9-8D1D-CB826758C2A7}"
	ProjectSection(ProjectDependencies) = postProject
		{69872CCE-0D9F-3203-8A31-5F2B181A04EE} = {69872CCE-0D9F-3203-8A31-5F2B181A04EE}
		{8B0C12E0-59CE-317E-B7AE-12E568B780AB} = {8B0C12E0-59CE-317E-B7AE-12E568B780AB}
	EndProjectSection
EndProject
Project("{8BC9CEB8-8B4A-11D0-8D11-00A0C91BC942}") = "TycoonIdle3D", "TycoonIdle3D.vcxproj", "{D17E8B92-8B77-3917-B7A5-8D0993BCB27D}"
	ProjectSection(ProjectDependencies) = postProject
		{8B0C12E0-59CE-317E-B7AE-12E568B780AB} = {8B0C12E0-59CE-317E-B7AE-12E568B780AB}
		{02808AEE-7C73-381E-AAFE-D9AC7CFE19F8} = {02808AEE-7C73-381E-AAFE-D9AC7CFE19F8}
		{78786F36-FDCD-3614-8228-B986FEE04682} = {78786F36-FDCD-3614-8228-B986FEE04682}
	EndProjectSection
EndProject
Project("{8BC9CEB8-8B4A-11D0-8D11-00A0C91BC942}") = "ZERO_CHECK", "ZERO_CHECK.vcxproj", "{8B0C12E0-59CE-317E-B7AE-12E568B780AB}"
	ProjectSection(ProjectDependencies) = postProject
	EndProjectSection
EndProject
Project("{8BC9CEB8-8B4A-11D0-8D11-00A0C91BC942}") = "glfw", "_deps\raylib-build\raylib\external\glfw\src\glfw.vcxproj", "{02808AEE-7C73-381E-AAFE-D9AC7CFE19F8}"
	ProjectSection(ProjectDependencies) = postProject
		{8B0C12E0-59CE-317E-B7AE-12E568B780AB} = {8B0C12E0-59CE-317E-B7AE-12E568B780AB}
	EndProjectSection
EndProject
Project("{8BC9CEB8-8B4A-11D0-8D11-00A0C91BC942}") = "raylib", "_deps\raylib-build\raylib\raylib.vcxproj", "{78786F36-FDCD-3614-8228-B986FEE04682}"
	ProjectSection(ProjectDependencies) = postProject
		{8B0C12E0-59CE-317E-B7AE-12E568B780AB} = {8B0C12E0-59CE-317E-B7AE-12E568B780AB}
		{02808AEE-7C73-381E-AAFE-D9AC7CFE19F8} = {02808AEE-7C73-381E-AAFE-D9AC7CFE19F8}
	EndProjectSection
EndProject
Project("{8BC9CEB8-8B4A-11D0-8D11-00A0C91BC942}") = "uninstall", "_deps\raylib-build\uninstall.vcxproj", "{07ECA4D9-7893-3079-936B-0AC46E63F8FE}"
	ProjectSection(ProjectDependencies) = postProject
		{8B0C12E0-59CE-317E-B7AE-12E568B780AB} = {8B0C12E0-59CE-317E-B7AE-12E568B780AB}
	EndProjectSection
EndProject
Project("{8BC9CEB8-8B4A-11D0-8D11-00A0C91BC942}") = "update_mappings", "_deps\raylib-build\raylib\external\glfw\src\update_mappings.vcxproj", "{07BDF8F9-8543-3C9A-8458-3625A4A2D910}"
	ProjectSection(ProjectDependencies) = postProject
		{8B0C12E0-59CE-317E-B7AE-12E568B780AB} = {8B0C12E0-59CE-317E-B7AE-12E568B780AB}
	EndProjectSection
EndProject
Global
	GlobalSection(SolutionConfigurationPlatforms) = preSolution
		Debug|x64 = Debug|x64
		Release|x64 = Release|x64
		MinSizeRel|x64 = MinSizeRel|x64
		RelWithDebInfo|x64 = RelWithDebInfo|x64
	EndGlobalSection
	GlobalSection(ProjectConfigurationPlatforms) = postSolution
		{69872CCE-0D9F-3203-8A31-5F2B181A04EE}.Debug|x64.ActiveCfg = Debug|x64
		{69872CCE-0D9F-3203-8A31-5F2B181A04EE}.Debug|x64.Build.0 = Debug|x64
		{69872CCE-0D9F-3203-8A31-5F2B181A04EE}.Release|x64.ActiveCfg = Release|x64
		{69872CCE-0D9F-3203-8A31-5F2B181A04EE}.Release|x64.Build.0 = Release|x64
		{69872CCE-0D9F-3203-8A31-5F2B181A04EE}.MinSizeRel|x64.ActiveCfg = MinSizeRel|x64
		{69872CCE-0D9F-3203-8A31-5F2B181A04EE}.MinSizeRel|x64.Build.0 = MinSizeRel|x64
		{69872CCE-0D9F-3203-8A31-5F2B181A04EE}.RelWithDebInfo|x64.ActiveCfg = RelWithDebInfo|x64
		{69872CCE-0D9F-3203-8A31-5F2B181A04EE}.RelWithDebInfo|x64.Build.0 = RelWithDebInfo|x64
		{8DF3EF33-21A6-3BDB-98D3-06693DD57E13}.Debug|x64.ActiveCfg = Debug|x64
		{8DF3EF33-21A6-3BDB-98D3-06693DD57E13}.Release|x64.ActiveCfg = Release|x64
		{8DF3EF33-21A6-3BDB-98D3-06693DD57E13}.MinSizeRel|x64.ActiveCfg = MinSizeRel|x64
		{8DF3EF33-21A6-3BDB-98D3-06693DD57E13}.RelWithDebInfo|x64.ActiveCfg = RelWithDebInfo|x64
		{E5723072-54DB-33B9-8D1D-CB826758C2A7}.Debug|x64.ActiveCfg = Debug|x64
		{E5723072-54DB-33B9-8D1D-CB826758C2A7}.Release|x64.ActiveCfg = Release|x64
		{E5723072-54DB-33B9-8D1D-CB826758C2A7}.MinSizeRel|x64.ActiveCfg = MinSizeRel|x64
		{E5723072-54DB-33B9-8D1D-CB826758C2A7}.RelWithDebInfo|x64.ActiveCfg = RelWithDebInfo|x64
		{D17E8B92-8B77-3917-B7A5-8D0993BCB27D}.Debug|x64.ActiveCfg = Debug|x64
		{D17E8B92-8B77-3917-B7A5-8D0993BCB27D}.Debug|x64.Build.0 = Debug|x64
		{D17E8B92-8B77-3917-B7A5-8D0993BCB27D}.Release|x64.ActiveCfg = Release|x64
		{D17E8B92-8B77-3917-B7A5-8D0993BCB27D}.Release|x64.Build.0 = Release|x64
		{D17E8B92-8B77-3917-B7A5-8D0993BCB27D}.MinSizeRel|x64.ActiveCfg = MinSizeRel|x64
		{D17E8B92-8B77-3917-B7A5-8D0993BCB27D}.MinSizeRel|x64.Build.0 = MinSizeRel|x64
		{D17E8B92-8B77-3917-B7A5-8D0993BCB27D}.RelWithDebInfo|x64.ActiveCfg = RelWithDebInfo|x64
		{D17E8B92-8B77-3917-B7A5-8D0993BCB27D}.RelWithDebInfo|x64.Build.0 = RelWithDebInfo|x64
		{8B0C12E0-59CE-317E-B7AE-12E568B780AB}.Debug|x64.ActiveCfg = Debug|x64
		{8B0C12E0-59CE-317E-B7AE-12E568B780AB}.Debug|x64.Build.0 = Debug|x64
		{8B0C12E0-59CE-317E-B7AE-12E568B780AB}.Release|x64.ActiveCfg = Release|x64
		{8B0C12E0-59CE-317E-B7AE-12E568B780AB}.Release|x64.Build.0 = Release|x64
		{8B0C12E0-59CE-317E-B7AE-12E568B780AB}.MinSizeRel|x64.ActiveCfg = MinSizeRel|x64
		{8B0C12E0-59CE-317E-B7AE-12E568B780AB}.MinSizeRel|x64.Build.0 = MinSizeRel|x64
		{8B0C12E0-59CE-317E-B7AE-12E568B780AB}.RelWithDebInfo|x64.ActiveCfg = RelWithDebInfo|x64
		{8B0C12E0-59CE-317E-B7AE-12E568B780AB}.RelWithDebInfo|x64.Build.0 = RelWithDebInfo|x64
		{02808AEE-7C73-381E-AAFE-D9AC7CFE19F8}.Debug|x64.ActiveCfg = Debug|x64
		{02808AEE-7C73-381E-AAFE-D9AC7CFE19F8}.Debug|x64.Build.0 = Debug|x64
		{02808AEE-7C73-381E-AAFE-D9AC7CFE19F8}.Release|x64.ActiveCfg = Release|x64
		{02808AEE-7C73-381E-AAFE-D9AC7CFE19F8}.Release|x64.Build.0 = Release|x64
		{02808AEE-7C73-381E-AAFE-D9AC7CFE19F8}.MinSizeRel|x64.ActiveCfg = MinSizeRel|x64
		{02808AEE-7C73-381E-AAFE-D9AC7CFE19F8}.MinSizeRel|x64.Build.0 = MinSizeRel|x64
		{02808AEE-7C73-381E-AAFE-D9AC7CFE19F8}.RelWithDebInfo|x64.ActiveCfg = RelWithDebInfo|x64
		{02808AEE-7C73-381E-AAFE-D9AC7CFE19F8}.RelWithDebInfo|x64.Build.0 = RelWithDebInfo|x64
		{78786F36-FDCD-3614-8228-B986FEE04682}.Debug|x64.ActiveCfg = Debug|x64
		{78786F36-FDCD-3614-8228-B986FEE04682}.Debug|x64.Build.0 = Debug|x64
		{78786F36-FDCD-3614-8228-B986FEE04682}.Release|x64.ActiveCfg = Release|x64
		{78786F36-FDCD-3614-8228-B986FEE04682}.Release|x64.Build.0 = Release|x64
		{78786F36-FDCD-3614-8228-B986FEE04682}.MinSizeRel|x64.ActiveCfg = MinSizeRel|x64
		{78786F36-FDCD-3614-8228-B986FEE04682}.MinSizeRel|x64.Build.0 = MinSizeRel|x64
		{78786F36-FDCD-3614-8228-B986FEE04682}.RelWithDebInfo|x64.ActiveCfg = RelWithDebInfo|x64
		{78786F36-FDCD-3614-8228-B986FEE04682}.RelWithDebInfo|x64.Build.0 = RelWithDebInfo|x64
		{07ECA4D9-7893-3079-936B-0AC46E63F8FE}.Debug|x64.ActiveCfg = Debug|x64
		{07ECA4D9-7893-3079-936B-0AC46E63F8FE}.Release|x64.ActiveCfg = Release|x64
		{07ECA4D9-7893-3079-936B-0AC46E63F8FE}.MinSizeRel|x64.ActiveCfg = MinSizeRel|x64
		{07ECA4D9-7893-3079-936B-0AC46E63F8FE}.RelWithDebInfo|x64.ActiveCfg = RelWithDebInfo|x64
		{07BDF8F9-8543-3C9A-8458-3625A4A2D910}.Debug|x64.ActiveCfg = Debug|x64
		{07BDF8F9-8543-3C9A-8458-3625A4A2D910}.Release|x64.ActiveCfg = Release|x64
		{07BDF8F9-8543-3C9A-8458-3625A4A2D910}.MinSizeRel|x64.ActiveCfg = MinSizeRel|x64
		{07BDF8F9-8543-3C9A-8458-3625A4A2D910}.RelWithDebInfo|x64.ActiveCfg = RelWithDebInfo|x64
	EndGlobalSection
	GlobalSection(NestedProjects) = preSolution
		{69872CCE-0D9F-3203-8A31-5F2B181A04EE} = {79D1C0B7-E068-3BD1-94C7-BD4E77D9E25D}
		{8DF3EF33-21A6-3BDB-98D3-06693DD57E13} = {79D1C0B7-E068-3BD1-94C7-BD4E77D9E25D}
		{E5723072-54DB-33B9-8D1D-CB826758C2A7} = {79D1C0B7-E068-3BD1-94C7-BD4E77D9E25D}
		{8B0C12E0-59CE-317E-B7AE-12E568B780AB} = {79D1C0B7-E068-3BD1-94C7-BD4E77D9E25D}
		{02808AEE-7C73-381E-AAFE-D9AC7CFE19F8} = {7958F087-E868-301B-8AA7-3C93CAD40BE9}
		{07BDF8F9-8543-3C9A-8458-3625A4A2D910} = {7958F087-E868-301B-8AA7-3C93CAD40BE9}
	EndGlobalSection
	GlobalSection(ExtensibilityGlobals) = postSolution
		SolutionGuid = {4B6B1BA1-CBC3-3AAF-BAB4-F3BC871B58C8}
	EndGlobalSection
	GlobalSection(ExtensibilityAddIns) = postSolution
	EndGlobalSection
EndGlobal
